{
  "version": 4,
  "terraform_version": "1.9.2",
  "serial": 14,
  "lineage": "3fd31bda-17f5-f135-989c-f8499d774573",
  "outputs": {
    "aks": {
      "value": {
        "aks": {
          "id": "/subscriptions/740159ba-9a7b-4b1b-b55d-d992c0326f49/resourceGroups/demsydevrg/providers/Microsoft.ContainerService/managedClusters/demsydevaks",
          "name": "demsydevaks"
        }
      },
      "type": [
        "object",
        {
          "aks": [
            "object",
            {
              "id": "string",
              "name": "string"
            }
          ]
        }
      ]
    },
    "appgw": {
      "value": {
        "appgw": {
          "id": "/subscriptions/740159ba-9a7b-4b1b-b55d-d992c0326f49/resourceGroups/demsydevrg/providers/Microsoft.Network/applicationGateways/demsydevappgw",
          "name": "demsydevappgw"
        }
      },
      "type": [
        "object",
        {
          "appgw": [
            "object",
            {
              "id": "string",
              "name": "string"
            }
          ]
        }
      ]
    },
    "network": {
      "value": {
        "aks_subnet": {
          "address_prefix": [
            "10.1.0.0/16"
          ],
          "id": "/subscriptions/740159ba-9a7b-4b1b-b55d-d992c0326f49/resourceGroups/demsydevrg/providers/Microsoft.Network/virtualNetworks/demsydevvnet/subnets/demsyakssubnet",
          "name": "demsyakssubnet",
          "rg_name": "demsydevrg"
        },
        "appgw_subnet": {
          "address_prefix": [
            "10.2.0.0/16"
          ],
          "id": "/subscriptions/740159ba-9a7b-4b1b-b55d-d992c0326f49/resourceGroups/demsydevrg/providers/Microsoft.Network/virtualNetworks/demsydevvnet/subnets/demsyappgwsubnet",
          "name": "demsyappgwsubnet",
          "rg_name": "demsydevrg"
        },
        "vnet": {
          "address_space": [
            "10.0.0.0/8"
          ],
          "id": "/subscriptions/740159ba-9a7b-4b1b-b55d-d992c0326f49/resourceGroups/demsydevrg/providers/Microsoft.Network/virtualNetworks/demsydevvnet",
          "name": "demsydevvnet"
        }
      },
      "type": [
        "object",
        {
          "aks_subnet": [
            "object",
            {
              "address_prefix": [
                "list",
                "string"
              ],
              "id": "string",
              "name": "string",
              "rg_name": "string"
            }
          ],
          "appgw_subnet": [
            "object",
            {
              "address_prefix": [
                "list",
                "string"
              ],
              "id": "string",
              "name": "string",
              "rg_name": "string"
            }
          ],
          "vnet": [
            "object",
            {
              "address_space": [
                "list",
                "string"
              ],
              "id": "string",
              "name": "string"
            }
          ]
        }
      ]
    },
    "rg": {
      "value": {
        "rg": {
          "id": "/subscriptions/740159ba-9a7b-4b1b-b55d-d992c0326f49/resourceGroups/demsydevrg",
          "location": "germanywestcentral",
          "name": "demsydevrg"
        }
      },
      "type": [
        "object",
        {
          "rg": [
            "object",
            {
              "id": "string",
              "location": "string",
              "name": "string"
            }
          ]
        }
      ]
    }
  },
  "resources": [
    {
      "module": "module.aks",
      "mode": "managed",
      "type": "azurerm_kubernetes_cluster",
      "name": "aks",
      "provider": "provider[\"registry.terraform.io/hashicorp/azurerm\"]",
      "instances": [
        {
          "schema_version": 2,
          "attributes": {
            "aci_connector_linux": [],
            "api_server_access_profile": [],
            "api_server_authorized_ip_ranges": [],
            "auto_scaler_profile": [
              {
                "balance_similar_node_groups": false,
                "empty_bulk_delete_max": "10",
                "expander": "random",
                "max_graceful_termination_sec": "600",
                "max_node_provisioning_time": "15m",
                "max_unready_nodes": 3,
                "max_unready_percentage": 45,
                "new_pod_scale_up_delay": "0s",
                "scale_down_delay_after_add": "10m",
                "scale_down_delay_after_delete": "10s",
                "scale_down_delay_after_failure": "3m",
                "scale_down_unneeded": "10m",
                "scale_down_unready": "20m",
                "scale_down_utilization_threshold": "0.5",
                "scan_interval": "10s",
                "skip_nodes_with_local_storage": false,
                "skip_nodes_with_system_pods": true
              }
            ],
            "automatic_channel_upgrade": "",
            "azure_active_directory_role_based_access_control": [],
            "azure_policy_enabled": false,
            "confidential_computing": [],
            "cost_analysis_enabled": false,
            "current_kubernetes_version": "1.28.10",
            "custom_ca_trust_certificates_base64": null,
            "default_node_pool": [
              {
                "capacity_reservation_group_id": "",
                "custom_ca_trust_enabled": false,
                "enable_auto_scaling": true,
                "enable_host_encryption": false,
                "enable_node_public_ip": false,
                "fips_enabled": false,
                "gpu_instance": "",
                "host_group_id": "",
                "kubelet_config": [],
                "kubelet_disk_type": "OS",
                "linux_os_config": [],
                "max_count": 1,
                "max_pods": 30,
                "message_of_the_day": "",
                "min_count": 1,
                "name": "systempool",
                "node_count": 1,
                "node_labels": {},
                "node_network_profile": [],
                "node_public_ip_prefix_id": "",
                "node_taints": null,
                "only_critical_addons_enabled": false,
                "orchestrator_version": "1.28",
                "os_disk_size_gb": 128,
                "os_disk_type": "Managed",
                "os_sku": "Ubuntu",
                "pod_subnet_id": "",
                "proximity_placement_group_id": "",
                "scale_down_mode": "Delete",
                "snapshot_id": "",
                "tags": null,
                "temporary_name_for_rotation": "",
                "type": "VirtualMachineScaleSets",
                "ultra_ssd_enabled": false,
                "upgrade_settings": [
                  {
                    "drain_timeout_in_minutes": 0,
                    "max_surge": "10%",
                    "node_soak_duration_in_minutes": 0
                  }
                ],
                "vm_size": "Standard_D2s_v3",
                "vnet_subnet_id": "/subscriptions/740159ba-9a7b-4b1b-b55d-d992c0326f49/resourceGroups/demsydevrg/providers/Microsoft.Network/virtualNetworks/demsydevvnet/subnets/demsyakssubnet",
                "workload_runtime": "",
                "zones": null
              }
            ],
            "disk_encryption_set_id": "",
            "dns_prefix": "demsydev",
            "dns_prefix_private_cluster": "",
            "edge_zone": "",
            "enable_pod_security_policy": false,
            "fqdn": "demsydev-romxkjtr.hcp.germanywestcentral.azmk8s.io",
            "http_application_routing_enabled": false,
            "http_application_routing_zone_name": "",
            "http_proxy_config": [],
            "id": "/subscriptions/740159ba-9a7b-4b1b-b55d-d992c0326f49/resourceGroups/demsydevrg/providers/Microsoft.ContainerService/managedClusters/demsydevaks",
            "identity": [
              {
                "identity_ids": [
                  "/subscriptions/740159ba-9a7b-4b1b-b55d-d992c0326f49/resourceGroups/demsydevrg/providers/Microsoft.ManagedIdentity/userAssignedIdentities/demsydevaksidentity"
                ],
                "principal_id": "",
                "tenant_id": "",
                "type": "UserAssigned"
              }
            ],
            "image_cleaner_enabled": false,
            "image_cleaner_interval_hours": 48,
            "ingress_application_gateway": [
              {
                "effective_gateway_id": "/subscriptions/740159ba-9a7b-4b1b-b55d-d992c0326f49/resourceGroups/demsydevrg/providers/Microsoft.Network/applicationGateways/demsydevappgw",
                "gateway_id": "/subscriptions/740159ba-9a7b-4b1b-b55d-d992c0326f49/resourceGroups/demsydevrg/providers/Microsoft.Network/applicationGateways/demsydevappgw",
                "gateway_name": "",
                "ingress_application_gateway_identity": [
                  {
                    "client_id": "c0e4423b-9c85-48a6-a5bd-7b5d56d838d9",
                    "object_id": "2720d59a-2098-4a23-a84e-fde10c185bb3",
                    "user_assigned_identity_id": "/subscriptions/740159ba-9a7b-4b1b-b55d-d992c0326f49/resourcegroups/MC_demsydevrg_demsydevaks_germanywestcentral/providers/Microsoft.ManagedIdentity/userAssignedIdentities/ingressapplicationgateway-demsydevaks"
                  }
                ],
                "subnet_cidr": "",
                "subnet_id": ""
              }
            ],
            "key_management_service": [],
            "key_vault_secrets_provider": [],
            "kube_admin_config": [],
            "kube_admin_config_raw": "",
            "kube_config": [
              {
                "client_certificate": "LS0tLS1CRUdJTiBDRVJUSUZJQ0FURS0tLS0tCk1JSUZIVENDQXdXZ0F3SUJBZ0lRRDVzN21JU0w3NlZGV2dGUDQreXI1REFOQmdrcWhraUc5dzBCQVFzRkFEQU4KTVFzd0NRWURWUVFERXdKallUQWVGdzB5TkRBM01qVXdNekl3TkRkYUZ3MHlOakEzTWpVd016TXdORGRhTURBeApGekFWQmdOVkJBb1REbk41YzNSbGJUcHRZWE4wWlhKek1SVXdFd1lEVlFRREV3eHRZWE4wWlhKamJHbGxiblF3CmdnSWlNQTBHQ1NxR1NJYjNEUUVCQVFVQUE0SUNEd0F3Z2dJS0FvSUNBUUNyTlh0eVN1RFFsZ2NEZVg3MlRCZDAKcURLYzhsZU1BMTE0UlBiNmpjVDQ4UE5wTE5qcW5HcW9WQ0JtN3dVQ1NhK0l6U2NlRDIwcStQVmQ5L2liNWo5ZQo4TWlNc0NYd25mU0dVV3g3UjlrZ01OMXNpMGFnMnk2ZC92WWlHUWJCSlZWVzlrNW00dS92Y1dGVzJTR1YwaHRBCmZDRmc0WkY4MElaSHlEM1NkN1NVbUUvZUxSRElmcHJOQjF0MlNkTGE0dEdpTitRUmRFM1B5aytwWjhyeTZ1QzIKcTJWVGxxM3lIOWR1aERON0tTZGduaXRDMnRkdDJrVEhiaFB6VXp5QmduTFpEZzVVS0x4dE5wdHlLUWF0V0YzKwp1WFl4YTZzVUVxSHpzUTY2RE1acitUdXVoZzc5WFNtaTh5Nk9PZFhIRStMVGRBa01zR0drWklxM1c2ZlgwQXJlCnovMUp0a1Z0TTdLOVM0V0twbkF4Y1hhYzdPYk05VXZmdmd4YWZRSHFBVVNIMzNTd1RpR2h2a2EzNGFGN3dteEwKbVpIZzFXL3hPczNxcmp6V1ZmZXV4TU52TXZEckRkdVc3ZWVGUjlNT1VhR3JiUjhNeEtDMDBGY0tlM2RjRjFuSwo4V1hTWmFwaThldkNLenhMcjVoVVBiay9zUndHZlVWYit3WVRGRGlweTk3ZVE1SWFCMFRrR1F6YVZmb0JRQlhLCmcvSXJpZC9QdjQ1MGNualRBU212OXkrUzIrWXRmUHVYNnJQWEdjWitMb0lTcnhDSUVUdEUvdWZUSFFqVXVOUzgKUjdjM1pnK2xlTmtlaDJCT2hxeWZFNUdFdkZ5RC8xTDVPVCtKYkdKZkFFbEVjRDZqRFNlVldDK2dVd3JMNEJNUQpHZ0ljL3c5YzBIZldRN0pWd2FMY3B3SURBUUFCbzFZd1ZEQU9CZ05WSFE4QkFmOEVCQU1DQmFBd0V3WURWUjBsCkJBd3dDZ1lJS3dZQkJRVUhBd0l3REFZRFZSMFRBUUgvQkFJd0FEQWZCZ05WSFNNRUdEQVdnQlJJcEpuU1U0cjkKdDE4dVE5b3ROVk8zTElHeVJ6QU5CZ2txaGtpRzl3MEJBUXNGQUFPQ0FnRUFXd0k1Y2F3QWNhclZaWHNGVVlKMAorWTRsVEp3a2czeWgwZy9Ha3lDcjY1WnJZOTFUbVhTb20vWi9sVGdOWjBpT3lRQUtjWFFVN3ExU2swdmc0S1pzCmFyTXRTNHVUaTE5MnBHTWIzQTBmdWw0ZWwyVytWRUJldnJONWhqSHRCYjVIVzliQmNVT1I2WUkyYkswak1ZVWgKL3IxSFlZNGNWWis0U2FFZGJLbzRUZjJ2UWtpSFIwWXVGb3BiaFVJa0d5WVNuWEZCQjFPWDNxUEVwZnlka3VMTQpaVzBPSDdJUTQzb0hKTUZIMGxMZlNBL2RWaU13ckRhSWlGQUZVR21pV05WckNhRTcrcjdoZE1tZmIyZVNXblR6CnM0U0tJZHdtZHZ6ZVFaTkk0M0puMEg2a2dTek9HY1lQeWdrbHIwMGRhdmJuMFFGYkRzazZGQk9LbEdnWEJRT0UKUDRGeE1PYXVzZ0NSZ1VxLzhrb0lqaEs2cm1nT2tDQXllbmdTeTJBRzVKbWZCdHVybklwOStySGhhTkhRbGJSYgpPNWE2OGlZQmJyc2R1TUprM1E2OGFRNU9MUmcwVXh6K0p0RWhnM2RONVJrSW04dzdOQTZOQlZONk5ZbXRFaXZkCm5BSmdDbWw2eFZLVGxubzQ2c2x0eklTR1ZLN1A5Mm5BQXZzRi9wUzZyVTdjZWoreUxXeVpGSFh1OGJXRXRkOCsKZWh0SFZCQXcvakZ0NzhGemptYU85akVSaSs4Rll6d3g2eFZBSGxsOFJaMlNoNnRkVWZkdVhtYWxjZXAzek9sTwo1dEJacEZpQmp4NGtrVkFtN09GZFEzV3cxaG9iNG1IdXJhT2J0UEltYm9CQ0YyMzVnT3htbHU5bFE1NHpsRmU3CkRyazZVbkpwUUxWa29oOTRMWlJQdnE4PQotLS0tLUVORCBDRVJUSUZJQ0FURS0tLS0tCg==",
                "client_key": "LS0tLS1CRUdJTiBSU0EgUFJJVkFURSBLRVktLS0tLQpNSUlKSmdJQkFBS0NBZ0VBcXpWN2NrcmcwSllIQTNsKzlrd1hkS2d5blBKWGpBTmRlRVQyK28zRStQRHphU3pZCjZweHFxRlFnWnU4RkFrbXZpTTBuSGc5dEt2ajFYZmY0bStZL1h2RElqTEFsOEozMGhsRnNlMGZaSUREZGJJdEcKb05zdW5mNzJJaGtHd1NWVlZ2Wk9adUx2NzNGaFZ0a2hsZEliUUh3aFlPR1JmTkNHUjhnOTBuZTBsSmhQM2kwUQp5SDZhelFkYmRrblMydUxSb2pma0VYUk56OHBQcVdmSzh1cmd0cXRsVTVhdDhoL1hib1F6ZXlrbllKNHJRdHJYCmJkcEV4MjRUODFNOGdZSnkyUTRPVkNpOGJUYWJjaWtHclZoZC9ybDJNV3VyRkJLaDg3RU91Z3pHYS9rN3JvWU8KL1YwcG92TXVqam5WeHhQaTAzUUpETEJocEdTS3QxdW4xOUFLM3MvOVNiWkZiVE95dlV1RmlxWndNWEYybk96bQp6UFZMMzc0TVduMEI2Z0ZFaDk5MHNFNGhvYjVHdCtHaGU4SnNTNW1SNE5WdjhUck42cTQ4MWxYM3JzVERiekx3CjZ3M2JsdTNuaFVmVERsR2hxMjBmRE1TZ3ROQlhDbnQzWEJkWnl2RmwwbVdxWXZIcndpczhTNitZVkQyNVA3RWMKQm4xRlcvc0dFeFE0cWN2ZTNrT1NHZ2RFNUJrTTJsWDZBVUFWeW9QeUs0bmZ6NytPZEhKNDB3RXByL2N2a3R2bQpMWHo3bCtxejF4bkdmaTZDRXE4UWlCRTdSUDduMHgwSTFMalV2RWUzTjJZUHBYalpIb2RnVG9hc254T1JoTHhjCmcvOVMrVGsvaVd4aVh3QkpSSEErb3cwbmxWZ3ZvRk1LeStBVEVCb0NIUDhQWE5CMzFrT3lWY0dpM0tjQ0F3RUEKQVFLQ0FnQSszMllWQThCcGVSN2NQTXJPSWdWZkZzRjNkMXVGRkZ0SDVuT1ljV1dMVWRqaG45R00zcUlnYkx4MQpjSU16WXVIdWFBQmNmcWZGWnlXY080cjFuV2xhTVN4RTFnOG92S2ptaHBKQzk1Q1p6TGdUdTFYVmpvZ2hCMWRXCkVFQzF2ME1HcTI4QlE0ZC9NL0RlRnVESmh4M3c0V1RVa2lGK1o0bFlaUVdtKzhTNTZQRXprdk1kM2JoMVlLVksKM0ROdHBHdjltVzdNcGh4SkdXK0ZzNU1KQUE1RHBzK1FFYjZSTXZaSEpJOVBSRDZzc1lrTGhSZ2x4RWtMdjdYZAozb3hTdHhmNzg3aDVXWGhRMXdQZ3VZWTFORVZZWEwwMXl1ZEplTW8ybHFmazFQb3MvcHJYTFczbHgwZWFDcG5uCkt3QUJtcURxckNzQ21PZFNtb1dDYmt0RjZxV0NzYlR3RDZzMVlYaklZOE5YVWNFQjJESXJVUzVTL0Z1VDNmQXgKN0Y1a2hvdG5reW9rYWIyazlwejI5NUcxQUVBdUdNcUUzT1RtbGpJVWRpNjg5U1hPbjNYWGhUdWNGNU9qcnIyegp6TTd6RkdONDBEUGpIRzJ5YllaRkx2RWx2VkVoTjdtNzYwdkM0dmI1aS8xVE9LemVlQ05aRDBpdnBsYVdIMGhPClY2a1VTT3Y5NzZ3TFhxTElYREkrY1NETVcxRWFvN25BZGh1UHlYbWdDTEJpV05QUWpLRVBGeHl5L0RGRWE5RFYKeDJ5ZURKQUhKVGF4eEIvQjVSMGVCc0hvRTRUL29rNXJEVUxwb3p3dnZHenBHdkxMU2JlZkh6dUFtUW4rekpIegpmSnl4b0FKVG4ySGpzYTdTcVEzS24wWVhnTVkrbkF6cE55bGlta29Lc0NvRHNYdHB3UUtDQVFFQTBmeE9IUXZZCkJhRHE3cWo2dkJKTHFKYlZwMlpOQnQvMWVFSlZGWlBWUzYzV2RIYmc2b3FUeWZWWnMyN28weDhoalhQbytudDgKd3l1OHppOTVlOVA1M2o2NUd2REJHKy93MWRBeDFaVTRZQjliekp6c3YxVkJXR2k0eUc5ZlpMSi9IN3dWQ1F5egprZ3NDa2JxSFkxVVF4T3I4bTNGaUtFWGR1T2gyekZ4dkNESVg3NUQ4citGQUxqYnpVOWFjRC82bXVRVm44OXczClBGa1FncjR2cEFnVzlCTjRWZjh5aHdOT01uYk9MQXhvVENZMEZNQk0wRUtCT01KekpLYUYxZGVlUzE1N0ZlMkYKRi9XZGpydDRIYlFHM3N2Yk1vNVUxNGIxYnpGbXZjbU5ENlVUVGZ2Sy8vaXNYdldJNDlXR3BacXdWa3FTRnNOYgowdVZIQ3lVVnpyNkxod0tDQVFFQTBMbmwvUWRkZE0zQjJTM0EyRFM4bmc5bndpWlpnTnJRVlkxdk5EaGk5MWplCm8rbXpPVHVuZHVNdkdIV0VXaGc5Mm9yUE1rYTh5WDBTQ1JPdCtJcmR6cktBOEtSNFBlU0NOaWhoeE5Hclp3MWwKMzFLalo3czNHZTlxK0hTSHQ5aUIrK2NwVGpJVVdxMk1HSVk3YVNRalpBWGtMTU1iajhQSWNTQmtCYWx6QUlQegpsNDlhRE1wZlNhM1RmRTBqNVpyOFRLWXlRK0svK2EzRGVYRUU3enB6eWVYT0NwbkphanF5M1lIMHhOQVpWdDFqCmIwbmU2b3B3R0NWeXBtMUcwYjdUVE9EcXZIWHFQQll0dXY3cW1idGx4VlJiNDlTQkhrS0luaVlCRlovdkJrODAKMldjdDFTUmxwcHJSSlFTc0p6V1hVWHNoNWdEb3kzeWRtWk1pTVNDdDRRS0NBUUFpc21zQjE2d3BPZTYzNHNvVAplMzV1N0FWL3RLS3pxUnY1ZEJSMURVbG9TT0F2dkZqcnlGd2xPZHBKa09EOXlaNFVybnRuc0RIc1dmVEhxUWFNCjFIanNKVGNXNFlNM0o0Mkc5dkRWRnVRSzFnT29LcUhmOTZsbGYyQlJGajRQK0lLUzd0UVcrN2RNUVc5NlB2VVMKRDhOR2xvR0krZEk3VDFnVXJxeTZsZWR1MWtBb1FLL1FMQXNiMTg2Ykl0SUV2cEl6N2xXLzhMcGJ5V2UyQXRFQwpiS2ZHU3RWT2VHMlQ2NUxuT2NSVmVQTmU2YzBmUktzc21tQ1p6VitUUmNURmtleEJEZXFPdEFHUzlPM0U0T3MzCkZVRXhYVVBwOWFURlBES2YzZXpaSFUybXNTTWdkcU9UYWphcE5pOFpYblh5TlQ0LzgvQnh2SFFXdy9YYVBKVisKNVBOUEFvSUJBUUNWMnFHd2hEVW93d0RGdC8rWU9tU2c1bGFNSVpSbzJyQndlOWEzR3pTU2VROS9oeTNSalc2eQpBSEd6a2N1d0UyOTFFK3VtSVBzeGZjWVJGanYxRVY0bUpDcEdtdzVwQVVJck45clp2OTdiWWRjZCt1cXVjczhnCm82K2RLYXkyNVk2TkdHMmpZbmtTa1Q3ZjdKK0M0UnMzbUxNMUgrOE56SGFBSWMwdDgzWkpqSEs3QVlTWllrSC8KVi9sYWFOZTQ1UWoyenV1UHFhQkMxZXBkcWpMc3ZuNmJHWTVRTmhGUlgwdERsU1h5bDZWWnBDRGJxYUdOcWs3SQpSenFGR2plYUp2TDFZeFdrc05PMnlBV1ZGNmUvTDdmbGNLZDRidjAwaUhnbGN3dWNSdk1KQ0p6YzZTTVN2OHJyClRvT1JuRVVzOFdEdWN3VG5hUWU1OElJRjNJalQxSzZCQW9IL1ZFajhWVENyWG9mZGtxWTNhbFVCTGNMWDZqM24KV2lpNXU4dXFaOFZvakNxMFIxby9qaFdENWZFWUIrakl2MHdYeFRiUWY0WDArVVgybEJrT3MwRXFpbUdLT0RJRApscTJtTVVpdU1rbVBZS01JVkhEeHE1alZrOHVBUU5vL1pESkN5dnN5UjlKcklzcklBb2ZtcUdoOFZ5RzVqL2g4CjQwSk5KaGtPQ3RlWkhkaWxLM2xJalBLTTVXaWszb0J0cXA3ZlJSMW9oSGpTUnYxNGQ3RUdwYjRIUWFOQjJseWwKMmI1bXRLM3A1aGwrSzdMa2ZaVHBwM1B0aE05ekl2OUtIR0NHaGZGbVFoUCtuL3V3bHd2MGVoZ3FOdDA5TGVUYgppeHduSFoza0dVVzBrNGM4Y0lKdTlvd3NYYlRNR2RZWmN3QTRIQ3Iwck9lOWZudkxUbGJPN0t1VQotLS0tLUVORCBSU0EgUFJJVkFURSBLRVktLS0tLQo=",
                "cluster_ca_certificate": "LS0tLS1CRUdJTiBDRVJUSUZJQ0FURS0tLS0tCk1JSUU2VENDQXRHZ0F3SUJBZ0lSQU0zNUZSVE5TbkI5ZHJhQ1F0Y1YzeDh3RFFZSktvWklodmNOQVFFTEJRQXcKRFRFTE1Ba0dBMVVFQXhNQ1kyRXdJQmNOTWpRd056STFNRE15TURRM1doZ1BNakExTkRBM01qVXdNek13TkRkYQpNQTB4Q3pBSkJnTlZCQU1UQW1OaE1JSUNJakFOQmdrcWhraUc5dzBCQVFFRkFBT0NBZzhBTUlJQ0NnS0NBZ0VBCnV0TkVDUzdJdTh6S1pBZ1lPcjBxQ0dHOE51RjJLbHNBUEExZ1E2T0w2YStTQXlnTlM1QXE4ZXphNDZaVllGRmsKSzlhZmdHcW1pUDZRT01WRzF4UElzQU1CK1lxZzVIZnlzY2ZFN2JqbW9xc0NxVkErbkpya3IrVXZGWUlxR0lYWApGUE9LNlpVZkJFZEk3blR4ZHp5VEpqT3hjclRsSTR0Vm1RbW5ybTl1ZTc5amhlb0pFaUxzdTVjQ29EZE1tc3VzCmhtQkt5aHFtUHNnYjhhNU1mbGN6TVZkbmVJQ0tQYUg2Y29Vc29GK1FUejd1Vm0yRzEvcjdYbjZVaVpRdzIzWm0KMnRaQXdLdDdrWktPV2lPQkpvd2V0eVJiRlpXWUUrTUtFUXlRNGFycHdUS0xPZDRYYmVLbVgvRmhlNHQ5ZzBrWAp1cStOaUtiQVZJRmNZN2I5QURCbDF1T05idExaNFVtV1ByRElDWld0Z25ZaEpCU1o2NkM4WkQyZ0JMeGtxRDBiCjFHTVJYc1Zlb1RkcFJxYXJneWZPMy9KRWYrcUVJZk44Z3hoRmRPekFMVnUzOUVONGpOVDRPRTh1RTBwOWlnejAKTVI0cmh1ZWFCM1RaWWFsVUpzZ09wcG1yQW1ROHFveEpneng4NlF3RHo1SGQ5UENiVTRJS1RTcFMrcjVqSXVFYgpnMVR4U1FyMlR6SWJUYklkMEE4a2JMUk1OSmN5TTBZTFlrYmRNdU1GbFhpTXE4TWlFcVVaUU1Pb21LMWxsTzVlCnpOSWpzdzYvSUJEZ2lFbTlOZnpZcEJjK09EZzZkaXdFdlJzYTZOVWJiSERUUUY5cWlqcGlySXVoR1JHVFoyeWEKa2tMTjgybnFHaGplejVtUFFmWVpTYStYdS95ZXgvTjl3U0RscHNaNVM0RUNBd0VBQWFOQ01FQXdEZ1lEVlIwUApBUUgvQkFRREFnS2tNQThHQTFVZEV3RUIvd1FGTUFNQkFmOHdIUVlEVlIwT0JCWUVGRWlrbWRKVGl2MjNYeTVECjJpMDFVN2NzZ2JKSE1BMEdDU3FHU0liM0RRRUJDd1VBQTRJQ0FRQWltdnNWcW1zdVFhWjBCYzJhVlpKR1dDZk4KdkU1NU8rZmhEWUJPd1hBODJaY3JQNExZYmJnL3VHVVNrKzJyMG93SXJiNDdDdGFia0hPdXBPbmw4c2pyNzJOdApVZ1dsM1c0ZjFiWkZRVzdxUzNnR2RpWjFVTVlwRkhFTTllSUJmRlJUd09lMkJKVS9nTm9jSGRoNXlFa1lnNEdOClhQRm84M05VUVZyMjNOaTR6U1hVNjVnWUhEbGJnRzZaRUpNekFRUFpzVzFFYkdqcnBoV08zbFB2ZUpCaHowWHEKS1Fua0JqaHF4bU5xYnR2K1IzVmIyU1IvcU9GY2ZBeTRZbVNpdVNwb2ZKbWVHQ3ZobmdFMmFheHZ2NE9Vb0dBbQpESHFhdEJTd290alpoMHJ3QmVISUhsaUxZR01PemtxbTdKWVNGM1hyRy8xYW9DQXhsSG9MRFQ3YmJ3S2FTdWxHCmpkblJOMDZkZzhCanlRcSsyTTMvdlB5YWU2V3YrTGJHZW8yTTdZUDgrRlV2TDRJMzRQY0UrOUI1MzNTSlpRZHQKU3hJa2tEa1J5M2VqQWNVZkdqVDcwZHRKMzFpOEUxcEJ6N2dFSXBLbmlRa1Z4dCt1K3VXejBjc3UwT0dSUU96VgpDWnU4Y3M2eDFuY1JDUkRxUW9CN05sWUpScSt5OVpWV3RMR0gveVlmaC93TG45S0l1WHg3ZXVMK21ibDR5aW9uCnJVSmJPYjMvc3lSdDVXdjJORSt5d21JaEQ5bDg2QVI4ZlV5T1UvSWNIc1BncERWZnFidHdudzJPQzNHY0dwcmQKY0VyUEI5SlJyQTl4NmxGRHE1RnNkQjRHK2FPTno3aDBtQVl6Rzh0VG5KaU9sNUlGbFdoOXhZZnVTT29NZHEvSQpheURzS3dtbzFlSnFNanFEeFE9PQotLS0tLUVORCBDRVJUSUZJQ0FURS0tLS0tCg==",
                "host": "https://demsydev-romxkjtr.hcp.germanywestcentral.azmk8s.io:443",
                "password": "zlwnqqmq6j5ozz14p1452v2s10ujtdk3qrp9xxb3tubqpoz14yp2tc1uizt7wyztm9n3porek9wsug57qk8plspowz5ud8ksxg748fmi2ib610kjrpkafvuqmlyey5sk",
                "username": "clusterUser_demsydevrg_demsydevaks"
              }
            ],
            "kube_config_raw": "apiVersion: v1\nclusters:\n- cluster:\n    certificate-authority-data: LS0tLS1CRUdJTiBDRVJUSUZJQ0FURS0tLS0tCk1JSUU2VENDQXRHZ0F3SUJBZ0lSQU0zNUZSVE5TbkI5ZHJhQ1F0Y1YzeDh3RFFZSktvWklodmNOQVFFTEJRQXcKRFRFTE1Ba0dBMVVFQXhNQ1kyRXdJQmNOTWpRd056STFNRE15TURRM1doZ1BNakExTkRBM01qVXdNek13TkRkYQpNQTB4Q3pBSkJnTlZCQU1UQW1OaE1JSUNJakFOQmdrcWhraUc5dzBCQVFFRkFBT0NBZzhBTUlJQ0NnS0NBZ0VBCnV0TkVDUzdJdTh6S1pBZ1lPcjBxQ0dHOE51RjJLbHNBUEExZ1E2T0w2YStTQXlnTlM1QXE4ZXphNDZaVllGRmsKSzlhZmdHcW1pUDZRT01WRzF4UElzQU1CK1lxZzVIZnlzY2ZFN2JqbW9xc0NxVkErbkpya3IrVXZGWUlxR0lYWApGUE9LNlpVZkJFZEk3blR4ZHp5VEpqT3hjclRsSTR0Vm1RbW5ybTl1ZTc5amhlb0pFaUxzdTVjQ29EZE1tc3VzCmhtQkt5aHFtUHNnYjhhNU1mbGN6TVZkbmVJQ0tQYUg2Y29Vc29GK1FUejd1Vm0yRzEvcjdYbjZVaVpRdzIzWm0KMnRaQXdLdDdrWktPV2lPQkpvd2V0eVJiRlpXWUUrTUtFUXlRNGFycHdUS0xPZDRYYmVLbVgvRmhlNHQ5ZzBrWAp1cStOaUtiQVZJRmNZN2I5QURCbDF1T05idExaNFVtV1ByRElDWld0Z25ZaEpCU1o2NkM4WkQyZ0JMeGtxRDBiCjFHTVJYc1Zlb1RkcFJxYXJneWZPMy9KRWYrcUVJZk44Z3hoRmRPekFMVnUzOUVONGpOVDRPRTh1RTBwOWlnejAKTVI0cmh1ZWFCM1RaWWFsVUpzZ09wcG1yQW1ROHFveEpneng4NlF3RHo1SGQ5UENiVTRJS1RTcFMrcjVqSXVFYgpnMVR4U1FyMlR6SWJUYklkMEE4a2JMUk1OSmN5TTBZTFlrYmRNdU1GbFhpTXE4TWlFcVVaUU1Pb21LMWxsTzVlCnpOSWpzdzYvSUJEZ2lFbTlOZnpZcEJjK09EZzZkaXdFdlJzYTZOVWJiSERUUUY5cWlqcGlySXVoR1JHVFoyeWEKa2tMTjgybnFHaGplejVtUFFmWVpTYStYdS95ZXgvTjl3U0RscHNaNVM0RUNBd0VBQWFOQ01FQXdEZ1lEVlIwUApBUUgvQkFRREFnS2tNQThHQTFVZEV3RUIvd1FGTUFNQkFmOHdIUVlEVlIwT0JCWUVGRWlrbWRKVGl2MjNYeTVECjJpMDFVN2NzZ2JKSE1BMEdDU3FHU0liM0RRRUJDd1VBQTRJQ0FRQWltdnNWcW1zdVFhWjBCYzJhVlpKR1dDZk4KdkU1NU8rZmhEWUJPd1hBODJaY3JQNExZYmJnL3VHVVNrKzJyMG93SXJiNDdDdGFia0hPdXBPbmw4c2pyNzJOdApVZ1dsM1c0ZjFiWkZRVzdxUzNnR2RpWjFVTVlwRkhFTTllSUJmRlJUd09lMkJKVS9nTm9jSGRoNXlFa1lnNEdOClhQRm84M05VUVZyMjNOaTR6U1hVNjVnWUhEbGJnRzZaRUpNekFRUFpzVzFFYkdqcnBoV08zbFB2ZUpCaHowWHEKS1Fua0JqaHF4bU5xYnR2K1IzVmIyU1IvcU9GY2ZBeTRZbVNpdVNwb2ZKbWVHQ3ZobmdFMmFheHZ2NE9Vb0dBbQpESHFhdEJTd290alpoMHJ3QmVISUhsaUxZR01PemtxbTdKWVNGM1hyRy8xYW9DQXhsSG9MRFQ3YmJ3S2FTdWxHCmpkblJOMDZkZzhCanlRcSsyTTMvdlB5YWU2V3YrTGJHZW8yTTdZUDgrRlV2TDRJMzRQY0UrOUI1MzNTSlpRZHQKU3hJa2tEa1J5M2VqQWNVZkdqVDcwZHRKMzFpOEUxcEJ6N2dFSXBLbmlRa1Z4dCt1K3VXejBjc3UwT0dSUU96VgpDWnU4Y3M2eDFuY1JDUkRxUW9CN05sWUpScSt5OVpWV3RMR0gveVlmaC93TG45S0l1WHg3ZXVMK21ibDR5aW9uCnJVSmJPYjMvc3lSdDVXdjJORSt5d21JaEQ5bDg2QVI4ZlV5T1UvSWNIc1BncERWZnFidHdudzJPQzNHY0dwcmQKY0VyUEI5SlJyQTl4NmxGRHE1RnNkQjRHK2FPTno3aDBtQVl6Rzh0VG5KaU9sNUlGbFdoOXhZZnVTT29NZHEvSQpheURzS3dtbzFlSnFNanFEeFE9PQotLS0tLUVORCBDRVJUSUZJQ0FURS0tLS0tCg==\n    server: https://demsydev-romxkjtr.hcp.germanywestcentral.azmk8s.io:443\n  name: demsydevaks\ncontexts:\n- context:\n    cluster: demsydevaks\n    user: clusterUser_demsydevrg_demsydevaks\n  name: demsydevaks\ncurrent-context: demsydevaks\nkind: Config\npreferences: {}\nusers:\n- name: clusterUser_demsydevrg_demsydevaks\n  user:\n    client-certificate-data: LS0tLS1CRUdJTiBDRVJUSUZJQ0FURS0tLS0tCk1JSUZIVENDQXdXZ0F3SUJBZ0lRRDVzN21JU0w3NlZGV2dGUDQreXI1REFOQmdrcWhraUc5dzBCQVFzRkFEQU4KTVFzd0NRWURWUVFERXdKallUQWVGdzB5TkRBM01qVXdNekl3TkRkYUZ3MHlOakEzTWpVd016TXdORGRhTURBeApGekFWQmdOVkJBb1REbk41YzNSbGJUcHRZWE4wWlhKek1SVXdFd1lEVlFRREV3eHRZWE4wWlhKamJHbGxiblF3CmdnSWlNQTBHQ1NxR1NJYjNEUUVCQVFVQUE0SUNEd0F3Z2dJS0FvSUNBUUNyTlh0eVN1RFFsZ2NEZVg3MlRCZDAKcURLYzhsZU1BMTE0UlBiNmpjVDQ4UE5wTE5qcW5HcW9WQ0JtN3dVQ1NhK0l6U2NlRDIwcStQVmQ5L2liNWo5ZQo4TWlNc0NYd25mU0dVV3g3UjlrZ01OMXNpMGFnMnk2ZC92WWlHUWJCSlZWVzlrNW00dS92Y1dGVzJTR1YwaHRBCmZDRmc0WkY4MElaSHlEM1NkN1NVbUUvZUxSRElmcHJOQjF0MlNkTGE0dEdpTitRUmRFM1B5aytwWjhyeTZ1QzIKcTJWVGxxM3lIOWR1aERON0tTZGduaXRDMnRkdDJrVEhiaFB6VXp5QmduTFpEZzVVS0x4dE5wdHlLUWF0V0YzKwp1WFl4YTZzVUVxSHpzUTY2RE1acitUdXVoZzc5WFNtaTh5Nk9PZFhIRStMVGRBa01zR0drWklxM1c2ZlgwQXJlCnovMUp0a1Z0TTdLOVM0V0twbkF4Y1hhYzdPYk05VXZmdmd4YWZRSHFBVVNIMzNTd1RpR2h2a2EzNGFGN3dteEwKbVpIZzFXL3hPczNxcmp6V1ZmZXV4TU52TXZEckRkdVc3ZWVGUjlNT1VhR3JiUjhNeEtDMDBGY0tlM2RjRjFuSwo4V1hTWmFwaThldkNLenhMcjVoVVBiay9zUndHZlVWYit3WVRGRGlweTk3ZVE1SWFCMFRrR1F6YVZmb0JRQlhLCmcvSXJpZC9QdjQ1MGNualRBU212OXkrUzIrWXRmUHVYNnJQWEdjWitMb0lTcnhDSUVUdEUvdWZUSFFqVXVOUzgKUjdjM1pnK2xlTmtlaDJCT2hxeWZFNUdFdkZ5RC8xTDVPVCtKYkdKZkFFbEVjRDZqRFNlVldDK2dVd3JMNEJNUQpHZ0ljL3c5YzBIZldRN0pWd2FMY3B3SURBUUFCbzFZd1ZEQU9CZ05WSFE4QkFmOEVCQU1DQmFBd0V3WURWUjBsCkJBd3dDZ1lJS3dZQkJRVUhBd0l3REFZRFZSMFRBUUgvQkFJd0FEQWZCZ05WSFNNRUdEQVdnQlJJcEpuU1U0cjkKdDE4dVE5b3ROVk8zTElHeVJ6QU5CZ2txaGtpRzl3MEJBUXNGQUFPQ0FnRUFXd0k1Y2F3QWNhclZaWHNGVVlKMAorWTRsVEp3a2czeWgwZy9Ha3lDcjY1WnJZOTFUbVhTb20vWi9sVGdOWjBpT3lRQUtjWFFVN3ExU2swdmc0S1pzCmFyTXRTNHVUaTE5MnBHTWIzQTBmdWw0ZWwyVytWRUJldnJONWhqSHRCYjVIVzliQmNVT1I2WUkyYkswak1ZVWgKL3IxSFlZNGNWWis0U2FFZGJLbzRUZjJ2UWtpSFIwWXVGb3BiaFVJa0d5WVNuWEZCQjFPWDNxUEVwZnlka3VMTQpaVzBPSDdJUTQzb0hKTUZIMGxMZlNBL2RWaU13ckRhSWlGQUZVR21pV05WckNhRTcrcjdoZE1tZmIyZVNXblR6CnM0U0tJZHdtZHZ6ZVFaTkk0M0puMEg2a2dTek9HY1lQeWdrbHIwMGRhdmJuMFFGYkRzazZGQk9LbEdnWEJRT0UKUDRGeE1PYXVzZ0NSZ1VxLzhrb0lqaEs2cm1nT2tDQXllbmdTeTJBRzVKbWZCdHVybklwOStySGhhTkhRbGJSYgpPNWE2OGlZQmJyc2R1TUprM1E2OGFRNU9MUmcwVXh6K0p0RWhnM2RONVJrSW04dzdOQTZOQlZONk5ZbXRFaXZkCm5BSmdDbWw2eFZLVGxubzQ2c2x0eklTR1ZLN1A5Mm5BQXZzRi9wUzZyVTdjZWoreUxXeVpGSFh1OGJXRXRkOCsKZWh0SFZCQXcvakZ0NzhGemptYU85akVSaSs4Rll6d3g2eFZBSGxsOFJaMlNoNnRkVWZkdVhtYWxjZXAzek9sTwo1dEJacEZpQmp4NGtrVkFtN09GZFEzV3cxaG9iNG1IdXJhT2J0UEltYm9CQ0YyMzVnT3htbHU5bFE1NHpsRmU3CkRyazZVbkpwUUxWa29oOTRMWlJQdnE4PQotLS0tLUVORCBDRVJUSUZJQ0FURS0tLS0tCg==\n    client-key-data: LS0tLS1CRUdJTiBSU0EgUFJJVkFURSBLRVktLS0tLQpNSUlKSmdJQkFBS0NBZ0VBcXpWN2NrcmcwSllIQTNsKzlrd1hkS2d5blBKWGpBTmRlRVQyK28zRStQRHphU3pZCjZweHFxRlFnWnU4RkFrbXZpTTBuSGc5dEt2ajFYZmY0bStZL1h2RElqTEFsOEozMGhsRnNlMGZaSUREZGJJdEcKb05zdW5mNzJJaGtHd1NWVlZ2Wk9adUx2NzNGaFZ0a2hsZEliUUh3aFlPR1JmTkNHUjhnOTBuZTBsSmhQM2kwUQp5SDZhelFkYmRrblMydUxSb2pma0VYUk56OHBQcVdmSzh1cmd0cXRsVTVhdDhoL1hib1F6ZXlrbllKNHJRdHJYCmJkcEV4MjRUODFNOGdZSnkyUTRPVkNpOGJUYWJjaWtHclZoZC9ybDJNV3VyRkJLaDg3RU91Z3pHYS9rN3JvWU8KL1YwcG92TXVqam5WeHhQaTAzUUpETEJocEdTS3QxdW4xOUFLM3MvOVNiWkZiVE95dlV1RmlxWndNWEYybk96bQp6UFZMMzc0TVduMEI2Z0ZFaDk5MHNFNGhvYjVHdCtHaGU4SnNTNW1SNE5WdjhUck42cTQ4MWxYM3JzVERiekx3CjZ3M2JsdTNuaFVmVERsR2hxMjBmRE1TZ3ROQlhDbnQzWEJkWnl2RmwwbVdxWXZIcndpczhTNitZVkQyNVA3RWMKQm4xRlcvc0dFeFE0cWN2ZTNrT1NHZ2RFNUJrTTJsWDZBVUFWeW9QeUs0bmZ6NytPZEhKNDB3RXByL2N2a3R2bQpMWHo3bCtxejF4bkdmaTZDRXE4UWlCRTdSUDduMHgwSTFMalV2RWUzTjJZUHBYalpIb2RnVG9hc254T1JoTHhjCmcvOVMrVGsvaVd4aVh3QkpSSEErb3cwbmxWZ3ZvRk1LeStBVEVCb0NIUDhQWE5CMzFrT3lWY0dpM0tjQ0F3RUEKQVFLQ0FnQSszMllWQThCcGVSN2NQTXJPSWdWZkZzRjNkMXVGRkZ0SDVuT1ljV1dMVWRqaG45R00zcUlnYkx4MQpjSU16WXVIdWFBQmNmcWZGWnlXY080cjFuV2xhTVN4RTFnOG92S2ptaHBKQzk1Q1p6TGdUdTFYVmpvZ2hCMWRXCkVFQzF2ME1HcTI4QlE0ZC9NL0RlRnVESmh4M3c0V1RVa2lGK1o0bFlaUVdtKzhTNTZQRXprdk1kM2JoMVlLVksKM0ROdHBHdjltVzdNcGh4SkdXK0ZzNU1KQUE1RHBzK1FFYjZSTXZaSEpJOVBSRDZzc1lrTGhSZ2x4RWtMdjdYZAozb3hTdHhmNzg3aDVXWGhRMXdQZ3VZWTFORVZZWEwwMXl1ZEplTW8ybHFmazFQb3MvcHJYTFczbHgwZWFDcG5uCkt3QUJtcURxckNzQ21PZFNtb1dDYmt0RjZxV0NzYlR3RDZzMVlYaklZOE5YVWNFQjJESXJVUzVTL0Z1VDNmQXgKN0Y1a2hvdG5reW9rYWIyazlwejI5NUcxQUVBdUdNcUUzT1RtbGpJVWRpNjg5U1hPbjNYWGhUdWNGNU9qcnIyegp6TTd6RkdONDBEUGpIRzJ5YllaRkx2RWx2VkVoTjdtNzYwdkM0dmI1aS8xVE9LemVlQ05aRDBpdnBsYVdIMGhPClY2a1VTT3Y5NzZ3TFhxTElYREkrY1NETVcxRWFvN25BZGh1UHlYbWdDTEJpV05QUWpLRVBGeHl5L0RGRWE5RFYKeDJ5ZURKQUhKVGF4eEIvQjVSMGVCc0hvRTRUL29rNXJEVUxwb3p3dnZHenBHdkxMU2JlZkh6dUFtUW4rekpIegpmSnl4b0FKVG4ySGpzYTdTcVEzS24wWVhnTVkrbkF6cE55bGlta29Lc0NvRHNYdHB3UUtDQVFFQTBmeE9IUXZZCkJhRHE3cWo2dkJKTHFKYlZwMlpOQnQvMWVFSlZGWlBWUzYzV2RIYmc2b3FUeWZWWnMyN28weDhoalhQbytudDgKd3l1OHppOTVlOVA1M2o2NUd2REJHKy93MWRBeDFaVTRZQjliekp6c3YxVkJXR2k0eUc5ZlpMSi9IN3dWQ1F5egprZ3NDa2JxSFkxVVF4T3I4bTNGaUtFWGR1T2gyekZ4dkNESVg3NUQ4citGQUxqYnpVOWFjRC82bXVRVm44OXczClBGa1FncjR2cEFnVzlCTjRWZjh5aHdOT01uYk9MQXhvVENZMEZNQk0wRUtCT01KekpLYUYxZGVlUzE1N0ZlMkYKRi9XZGpydDRIYlFHM3N2Yk1vNVUxNGIxYnpGbXZjbU5ENlVUVGZ2Sy8vaXNYdldJNDlXR3BacXdWa3FTRnNOYgowdVZIQ3lVVnpyNkxod0tDQVFFQTBMbmwvUWRkZE0zQjJTM0EyRFM4bmc5bndpWlpnTnJRVlkxdk5EaGk5MWplCm8rbXpPVHVuZHVNdkdIV0VXaGc5Mm9yUE1rYTh5WDBTQ1JPdCtJcmR6cktBOEtSNFBlU0NOaWhoeE5Hclp3MWwKMzFLalo3czNHZTlxK0hTSHQ5aUIrK2NwVGpJVVdxMk1HSVk3YVNRalpBWGtMTU1iajhQSWNTQmtCYWx6QUlQegpsNDlhRE1wZlNhM1RmRTBqNVpyOFRLWXlRK0svK2EzRGVYRUU3enB6eWVYT0NwbkphanF5M1lIMHhOQVpWdDFqCmIwbmU2b3B3R0NWeXBtMUcwYjdUVE9EcXZIWHFQQll0dXY3cW1idGx4VlJiNDlTQkhrS0luaVlCRlovdkJrODAKMldjdDFTUmxwcHJSSlFTc0p6V1hVWHNoNWdEb3kzeWRtWk1pTVNDdDRRS0NBUUFpc21zQjE2d3BPZTYzNHNvVAplMzV1N0FWL3RLS3pxUnY1ZEJSMURVbG9TT0F2dkZqcnlGd2xPZHBKa09EOXlaNFVybnRuc0RIc1dmVEhxUWFNCjFIanNKVGNXNFlNM0o0Mkc5dkRWRnVRSzFnT29LcUhmOTZsbGYyQlJGajRQK0lLUzd0UVcrN2RNUVc5NlB2VVMKRDhOR2xvR0krZEk3VDFnVXJxeTZsZWR1MWtBb1FLL1FMQXNiMTg2Ykl0SUV2cEl6N2xXLzhMcGJ5V2UyQXRFQwpiS2ZHU3RWT2VHMlQ2NUxuT2NSVmVQTmU2YzBmUktzc21tQ1p6VitUUmNURmtleEJEZXFPdEFHUzlPM0U0T3MzCkZVRXhYVVBwOWFURlBES2YzZXpaSFUybXNTTWdkcU9UYWphcE5pOFpYblh5TlQ0LzgvQnh2SFFXdy9YYVBKVisKNVBOUEFvSUJBUUNWMnFHd2hEVW93d0RGdC8rWU9tU2c1bGFNSVpSbzJyQndlOWEzR3pTU2VROS9oeTNSalc2eQpBSEd6a2N1d0UyOTFFK3VtSVBzeGZjWVJGanYxRVY0bUpDcEdtdzVwQVVJck45clp2OTdiWWRjZCt1cXVjczhnCm82K2RLYXkyNVk2TkdHMmpZbmtTa1Q3ZjdKK0M0UnMzbUxNMUgrOE56SGFBSWMwdDgzWkpqSEs3QVlTWllrSC8KVi9sYWFOZTQ1UWoyenV1UHFhQkMxZXBkcWpMc3ZuNmJHWTVRTmhGUlgwdERsU1h5bDZWWnBDRGJxYUdOcWs3SQpSenFGR2plYUp2TDFZeFdrc05PMnlBV1ZGNmUvTDdmbGNLZDRidjAwaUhnbGN3dWNSdk1KQ0p6YzZTTVN2OHJyClRvT1JuRVVzOFdEdWN3VG5hUWU1OElJRjNJalQxSzZCQW9IL1ZFajhWVENyWG9mZGtxWTNhbFVCTGNMWDZqM24KV2lpNXU4dXFaOFZvakNxMFIxby9qaFdENWZFWUIrakl2MHdYeFRiUWY0WDArVVgybEJrT3MwRXFpbUdLT0RJRApscTJtTVVpdU1rbVBZS01JVkhEeHE1alZrOHVBUU5vL1pESkN5dnN5UjlKcklzcklBb2ZtcUdoOFZ5RzVqL2g4CjQwSk5KaGtPQ3RlWkhkaWxLM2xJalBLTTVXaWszb0J0cXA3ZlJSMW9oSGpTUnYxNGQ3RUdwYjRIUWFOQjJseWwKMmI1bXRLM3A1aGwrSzdMa2ZaVHBwM1B0aE05ekl2OUtIR0NHaGZGbVFoUCtuL3V3bHd2MGVoZ3FOdDA5TGVUYgppeHduSFoza0dVVzBrNGM4Y0lKdTlvd3NYYlRNR2RZWmN3QTRIQ3Iwck9lOWZudkxUbGJPN0t1VQotLS0tLUVORCBSU0EgUFJJVkFURSBLRVktLS0tLQo=\n    token: zlwnqqmq6j5ozz14p1452v2s10ujtdk3qrp9xxb3tubqpoz14yp2tc1uizt7wyztm9n3porek9wsug57qk8plspowz5ud8ksxg748fmi2ib610kjrpkafvuqmlyey5sk\n",
            "kubelet_identity": [
              {
                "client_id": "28ab42d4-2668-4050-ab58-a847b53b026e",
                "object_id": "99e9bf6d-7a71-4f1b-aaaa-c8bc9c63925e",
                "user_assigned_identity_id": "/subscriptions/740159ba-9a7b-4b1b-b55d-d992c0326f49/resourceGroups/MC_demsydevrg_demsydevaks_germanywestcentral/providers/Microsoft.ManagedIdentity/userAssignedIdentities/demsydevaks-agentpool"
              }
            ],
            "kubernetes_version": "1.28",
            "linux_profile": [],
            "local_account_disabled": false,
            "location": "germanywestcentral",
            "maintenance_window": [],
            "maintenance_window_auto_upgrade": [],
            "maintenance_window_node_os": [],
            "microsoft_defender": [],
            "monitor_metrics": [],
            "name": "demsydevaks",
            "network_profile": [
              {
                "dns_service_ip": "10.0.0.10",
                "docker_bridge_cidr": "",
                "ebpf_data_plane": "",
                "ip_versions": [
                  "IPv4"
                ],
                "load_balancer_profile": [
                  {
                    "effective_outbound_ips": [
                      "/subscriptions/740159ba-9a7b-4b1b-b55d-d992c0326f49/resourceGroups/MC_demsydevrg_demsydevaks_germanywestcentral/providers/Microsoft.Network/publicIPAddresses/cfba958b-fea5-4c2b-b90c-75c7eb83a3df"
                    ],
                    "idle_timeout_in_minutes": 0,
                    "managed_outbound_ip_count": 1,
                    "managed_outbound_ipv6_count": 0,
                    "outbound_ip_address_ids": [],
                    "outbound_ip_prefix_ids": [],
                    "outbound_ports_allocated": 0
                  }
                ],
                "load_balancer_sku": "standard",
                "nat_gateway_profile": [],
                "network_data_plane": "azure",
                "network_mode": "",
                "network_plugin": "azure",
                "network_plugin_mode": "",
                "network_policy": "",
                "outbound_ip_address_ids": [],
                "outbound_ip_prefix_ids": [],
                "outbound_type": "loadBalancer",
                "pod_cidr": "",
                "pod_cidrs": [],
                "service_cidr": "10.0.0.0/16",
                "service_cidrs": [
                  "10.0.0.0/16"
                ]
              }
            ],
            "node_os_channel_upgrade": null,
            "node_resource_group": "MC_demsydevrg_demsydevaks_germanywestcentral",
            "node_resource_group_id": "/subscriptions/740159ba-9a7b-4b1b-b55d-d992c0326f49/resourceGroups/MC_demsydevrg_demsydevaks_germanywestcentral",
            "oidc_issuer_enabled": false,
            "oidc_issuer_url": "",
            "oms_agent": [],
            "open_service_mesh_enabled": false,
            "portal_fqdn": "demsydev-romxkjtr.portal.hcp.germanywestcentral.azmk8s.io",
            "private_cluster_enabled": false,
            "private_cluster_public_fqdn_enabled": false,
            "private_dns_zone_id": null,
            "private_fqdn": "",
            "public_network_access_enabled": true,
            "resource_group_name": "demsydevrg",
            "role_based_access_control_enabled": true,
            "run_command_enabled": true,
            "service_mesh_profile": [],
            "service_principal": [],
            "sku_tier": "Free",
            "storage_profile": [],
            "support_plan": "KubernetesOfficial",
            "tags": null,
            "timeouts": null,
            "web_app_routing": [],
            "windows_profile": [
              {
                "admin_password": "",
                "admin_username": "azureuser",
                "gmsa": [],
                "license": ""
              }
            ],
            "workload_autoscaler_profile": [],
            "workload_identity_enabled": false
          },
          "sensitive_attributes": [
            [
              {
                "type": "get_attr",
                "value": "windows_profile"
              },
              {
                "type": "index",
                "value": {
                  "value": 0,
                  "type": "number"
                }
              },
              {
                "type": "get_attr",
                "value": "admin_password"
              }
            ],
            [
              {
                "type": "get_attr",
                "value": "kube_config_raw"
              }
            ],
            [
              {
                "type": "get_attr",
                "value": "kube_config"
              }
            ],
            [
              {
                "type": "get_attr",
                "value": "kube_admin_config"
              }
            ],
            [
              {
                "type": "get_attr",
                "value": "kube_admin_config_raw"
              }
            ]
          ],
          "private": "eyJlMmJmYjczMC1lY2FhLTExZTYtOGY4OC0zNDM2M2JjN2M0YzAiOnsiY3JlYXRlIjo1NDAwMDAwMDAwMDAwLCJkZWxldGUiOjU0MDAwMDAwMDAwMDAsInJlYWQiOjMwMDAwMDAwMDAwMCwidXBkYXRlIjo1NDAwMDAwMDAwMDAwfSwic2NoZW1hX3ZlcnNpb24iOiIyIn0=",
          "dependencies": [
            "module.aks.azurerm_user_assigned_identity.aks_identity",
            "module.appgw.azurerm_application_gateway.appgw",
            "module.appgw.azurerm_public_ip.public_ip",
            "module.network.azurerm_subnet.aks_subnet",
            "module.network.azurerm_subnet.appgw_subnet",
            "module.network.azurerm_virtual_network.vnet",
            "module.rg.azurerm_resource_group.rg"
          ]
        }
      ]
    },
    {
      "module": "module.aks",
      "mode": "managed",
      "type": "azurerm_kubernetes_cluster_node_pool",
      "name": "usernodepool",
      "provider": "provider[\"registry.terraform.io/hashicorp/azurerm\"]",
      "instances": [
        {
          "schema_version": 1,
          "attributes": {
            "capacity_reservation_group_id": "",
            "custom_ca_trust_enabled": false,
            "enable_auto_scaling": true,
            "enable_host_encryption": false,
            "enable_node_public_ip": false,
            "eviction_policy": "",
            "fips_enabled": false,
            "gpu_instance": null,
            "host_group_id": "",
            "id": "/subscriptions/740159ba-9a7b-4b1b-b55d-d992c0326f49/resourceGroups/demsydevrg/providers/Microsoft.ContainerService/managedClusters/demsydevaks/agentPools/userpool",
            "kubelet_config": [],
            "kubelet_disk_type": "OS",
            "kubernetes_cluster_id": "/subscriptions/740159ba-9a7b-4b1b-b55d-d992c0326f49/resourceGroups/demsydevrg/providers/Microsoft.ContainerService/managedClusters/demsydevaks",
            "linux_os_config": [],
            "max_count": 1,
            "max_pods": 30,
            "message_of_the_day": "",
            "min_count": 1,
            "mode": "User",
            "name": "userpool",
            "node_count": 1,
            "node_labels": {},
            "node_network_profile": [],
            "node_public_ip_prefix_id": "",
            "node_taints": null,
            "orchestrator_version": "1.28",
            "os_disk_size_gb": 128,
            "os_disk_type": "Managed",
            "os_sku": "Ubuntu",
            "os_type": "Linux",
            "pod_subnet_id": "",
            "priority": "Regular",
            "proximity_placement_group_id": "",
            "scale_down_mode": "Delete",
            "snapshot_id": null,
            "spot_max_price": -1,
            "tags": null,
            "timeouts": null,
            "ultra_ssd_enabled": false,
            "upgrade_settings": [],
            "vm_size": "Standard_D2s_v3",
            "vnet_subnet_id": "/subscriptions/740159ba-9a7b-4b1b-b55d-d992c0326f49/resourceGroups/demsydevrg/providers/Microsoft.Network/virtualNetworks/demsydevvnet/subnets/demsyakssubnet",
            "windows_profile": [],
            "workload_runtime": null,
            "zones": null
          },
          "sensitive_attributes": [],
          "private": "eyJlMmJmYjczMC1lY2FhLTExZTYtOGY4OC0zNDM2M2JjN2M0YzAiOnsiY3JlYXRlIjozNjAwMDAwMDAwMDAwLCJkZWxldGUiOjM2MDAwMDAwMDAwMDAsInJlYWQiOjMwMDAwMDAwMDAwMCwidXBkYXRlIjozNjAwMDAwMDAwMDAwfSwic2NoZW1hX3ZlcnNpb24iOiIxIn0=",
          "dependencies": [
            "module.aks.azurerm_kubernetes_cluster.aks",
            "module.aks.azurerm_user_assigned_identity.aks_identity",
            "module.appgw.azurerm_application_gateway.appgw",
            "module.appgw.azurerm_public_ip.public_ip",
            "module.network.azurerm_subnet.aks_subnet",
            "module.network.azurerm_subnet.appgw_subnet",
            "module.network.azurerm_virtual_network.vnet",
            "module.rg.azurerm_resource_group.rg"
          ]
        }
      ]
    },
    {
      "module": "module.aks",
      "mode": "managed",
      "type": "azurerm_role_assignment",
      "name": "aks-mi-network-contributor",
      "provider": "provider[\"registry.terraform.io/hashicorp/azurerm\"]",
      "instances": [
        {
          "schema_version": 0,
          "attributes": {
            "condition": "",
            "condition_version": "",
            "delegated_managed_identity_resource_id": "",
            "description": "",
            "id": "/subscriptions/740159ba-9a7b-4b1b-b55d-d992c0326f49/resourceGroups/demsydevrg/providers/Microsoft.Network/virtualNetworks/demsydevvnet/providers/Microsoft.Authorization/roleAssignments/e14229eb-c98c-2fd6-28ed-3e6a6ea12db4",
            "name": "e14229eb-c98c-2fd6-28ed-3e6a6ea12db4",
            "principal_id": "ee81636e-9895-4229-943a-948311961ecd",
            "principal_type": "ServicePrincipal",
            "role_definition_id": "/subscriptions/740159ba-9a7b-4b1b-b55d-d992c0326f49/providers/Microsoft.Authorization/roleDefinitions/4d97b98b-1d4f-4787-a291-c67834d212e7",
            "role_definition_name": "Network Contributor",
            "scope": "/subscriptions/740159ba-9a7b-4b1b-b55d-d992c0326f49/resourceGroups/demsydevrg/providers/Microsoft.Network/virtualNetworks/demsydevvnet",
            "skip_service_principal_aad_check": true,
            "timeouts": null
          },
          "sensitive_attributes": [],
          "private": "eyJlMmJmYjczMC1lY2FhLTExZTYtOGY4OC0zNDM2M2JjN2M0YzAiOnsiY3JlYXRlIjoxODAwMDAwMDAwMDAwLCJkZWxldGUiOjE4MDAwMDAwMDAwMDAsInJlYWQiOjMwMDAwMDAwMDAwMH19",
          "dependencies": [
            "module.aks.azurerm_user_assigned_identity.aks_identity",
            "module.appgw.azurerm_application_gateway.appgw",
            "module.appgw.azurerm_public_ip.public_ip",
            "module.network.azurerm_subnet.aks_subnet",
            "module.network.azurerm_subnet.appgw_subnet",
            "module.network.azurerm_virtual_network.vnet",
            "module.rg.azurerm_resource_group.rg"
          ]
        }
      ]
    },
    {
      "module": "module.aks",
      "mode": "managed",
      "type": "azurerm_user_assigned_identity",
      "name": "aks_identity",
      "provider": "provider[\"registry.terraform.io/hashicorp/azurerm\"]",
      "instances": [
        {
          "schema_version": 1,
          "attributes": {
            "client_id": "eb238c71-0d85-4dfa-93a6-a7a3fd5d99f4",
            "id": "/subscriptions/740159ba-9a7b-4b1b-b55d-d992c0326f49/resourceGroups/demsydevrg/providers/Microsoft.ManagedIdentity/userAssignedIdentities/demsydevaksidentity",
            "location": "germanywestcentral",
            "name": "demsydevaksidentity",
            "principal_id": "ee81636e-9895-4229-943a-948311961ecd",
            "resource_group_name": "demsydevrg",
            "tags": null,
            "tenant_id": "5f431148-1e24-4600-af0b-cdaeeffa6045",
            "timeouts": null
          },
          "sensitive_attributes": [],
          "private": "eyJlMmJmYjczMC1lY2FhLTExZTYtOGY4OC0zNDM2M2JjN2M0YzAiOnsiY3JlYXRlIjoxODAwMDAwMDAwMDAwLCJkZWxldGUiOjE4MDAwMDAwMDAwMDAsInJlYWQiOjMwMDAwMDAwMDAwMCwidXBkYXRlIjoxODAwMDAwMDAwMDAwfSwic2NoZW1hX3ZlcnNpb24iOiIxIn0=",
          "dependencies": [
            "module.appgw.azurerm_application_gateway.appgw",
            "module.appgw.azurerm_public_ip.public_ip",
            "module.network.azurerm_subnet.aks_subnet",
            "module.network.azurerm_subnet.appgw_subnet",
            "module.network.azurerm_virtual_network.vnet",
            "module.rg.azurerm_resource_group.rg"
          ]
        }
      ]
    },
    {
      "module": "module.appgw",
      "mode": "managed",
      "type": "azurerm_application_gateway",
      "name": "appgw",
      "provider": "provider[\"registry.terraform.io/hashicorp/azurerm\"]",
      "instances": [
        {
          "schema_version": 0,
          "attributes": {
            "authentication_certificate": [],
            "autoscale_configuration": [],
            "backend_address_pool": [
              {
                "fqdns": [],
                "id": "/subscriptions/740159ba-9a7b-4b1b-b55d-d992c0326f49/resourceGroups/demsydevrg/providers/Microsoft.Network/applicationGateways/demsydevappgw/backendAddressPools/backendpool",
                "ip_addresses": [],
                "name": "backendpool"
              }
            ],
            "backend_http_settings": [
              {
                "affinity_cookie_name": "",
                "authentication_certificate": [],
                "connection_draining": [],
                "cookie_based_affinity": "Disabled",
                "host_name": "",
                "id": "/subscriptions/740159ba-9a7b-4b1b-b55d-d992c0326f49/resourceGroups/demsydevrg/providers/Microsoft.Network/applicationGateways/demsydevappgw/backendHttpSettingsCollection/backendhttpssettings",
                "name": "backendhttpssettings",
                "path": "",
                "pick_host_name_from_backend_address": false,
                "port": 80,
                "probe_id": "",
                "probe_name": "",
                "protocol": "Http",
                "request_timeout": 20,
                "trusted_root_certificate_names": []
              }
            ],
            "custom_error_configuration": [],
            "enable_http2": false,
            "fips_enabled": false,
            "firewall_policy_id": "",
            "force_firewall_policy_association": false,
            "frontend_ip_configuration": [
              {
                "id": "/subscriptions/740159ba-9a7b-4b1b-b55d-d992c0326f49/resourceGroups/demsydevrg/providers/Microsoft.Network/applicationGateways/demsydevappgw/frontendIPConfigurations/frontendipconfiguration",
                "name": "frontendipconfiguration",
                "private_ip_address": "",
                "private_ip_address_allocation": "Dynamic",
                "private_link_configuration_id": "",
                "private_link_configuration_name": "",
                "public_ip_address_id": "/subscriptions/740159ba-9a7b-4b1b-b55d-d992c0326f49/resourceGroups/demsydevrg/providers/Microsoft.Network/publicIPAddresses/demsydevappgwip",
                "subnet_id": ""
              }
            ],
            "frontend_port": [
              {
                "id": "/subscriptions/740159ba-9a7b-4b1b-b55d-d992c0326f49/resourceGroups/demsydevrg/providers/Microsoft.Network/applicationGateways/demsydevappgw/frontendPorts/frontendport",
                "name": "frontendport",
                "port": 80
              }
            ],
            "gateway_ip_configuration": [
              {
                "id": "/subscriptions/740159ba-9a7b-4b1b-b55d-d992c0326f49/resourceGroups/demsydevrg/providers/Microsoft.Network/applicationGateways/demsydevappgw/gatewayIPConfigurations/gatewayipconfiguration",
                "name": "gatewayipconfiguration",
                "subnet_id": "/subscriptions/740159ba-9a7b-4b1b-b55d-d992c0326f49/resourceGroups/demsydevrg/providers/Microsoft.Network/virtualNetworks/demsydevvnet/subnets/demsyappgwsubnet"
              }
            ],
            "global": [],
            "http_listener": [
              {
                "custom_error_configuration": [],
                "firewall_policy_id": "",
                "frontend_ip_configuration_id": "/subscriptions/740159ba-9a7b-4b1b-b55d-d992c0326f49/resourceGroups/demsydevrg/providers/Microsoft.Network/applicationGateways/demsydevappgw/frontendIPConfigurations/frontendipconfiguration",
                "frontend_ip_configuration_name": "frontendipconfiguration",
                "frontend_port_id": "/subscriptions/740159ba-9a7b-4b1b-b55d-d992c0326f49/resourceGroups/demsydevrg/providers/Microsoft.Network/applicationGateways/demsydevappgw/frontendPorts/frontendport",
                "frontend_port_name": "frontendport",
                "host_name": "",
                "host_names": [],
                "id": "/subscriptions/740159ba-9a7b-4b1b-b55d-d992c0326f49/resourceGroups/demsydevrg/providers/Microsoft.Network/applicationGateways/demsydevappgw/httpListeners/httplistener",
                "name": "httplistener",
                "protocol": "Http",
                "require_sni": false,
                "ssl_certificate_id": "",
                "ssl_certificate_name": "",
                "ssl_profile_id": "",
                "ssl_profile_name": ""
              }
            ],
            "id": "/subscriptions/740159ba-9a7b-4b1b-b55d-d992c0326f49/resourceGroups/demsydevrg/providers/Microsoft.Network/applicationGateways/demsydevappgw",
            "identity": [],
            "location": "germanywestcentral",
            "name": "demsydevappgw",
            "private_endpoint_connection": [],
            "private_link_configuration": [],
            "probe": [],
            "redirect_configuration": [],
            "request_routing_rule": [
              {
                "backend_address_pool_id": "/subscriptions/740159ba-9a7b-4b1b-b55d-d992c0326f49/resourceGroups/demsydevrg/providers/Microsoft.Network/applicationGateways/demsydevappgw/backendAddressPools/backendpool",
                "backend_address_pool_name": "backendpool",
                "backend_http_settings_id": "/subscriptions/740159ba-9a7b-4b1b-b55d-d992c0326f49/resourceGroups/demsydevrg/providers/Microsoft.Network/applicationGateways/demsydevappgw/backendHttpSettingsCollection/backendhttpssettings",
                "backend_http_settings_name": "backendhttpssettings",
                "http_listener_id": "/subscriptions/740159ba-9a7b-4b1b-b55d-d992c0326f49/resourceGroups/demsydevrg/providers/Microsoft.Network/applicationGateways/demsydevappgw/httpListeners/httplistener",
                "http_listener_name": "httplistener",
                "id": "/subscriptions/740159ba-9a7b-4b1b-b55d-d992c0326f49/resourceGroups/demsydevrg/providers/Microsoft.Network/applicationGateways/demsydevappgw/requestRoutingRules/requestroutingrule",
                "name": "requestroutingrule",
                "priority": 1,
                "redirect_configuration_id": "",
                "redirect_configuration_name": "",
                "rewrite_rule_set_id": "",
                "rewrite_rule_set_name": "",
                "rule_type": "Basic",
                "url_path_map_id": "",
                "url_path_map_name": ""
              }
            ],
            "resource_group_name": "demsydevrg",
            "rewrite_rule_set": [],
            "sku": [
              {
                "capacity": 2,
                "name": "Standard_v2",
                "tier": "Standard_v2"
              }
            ],
            "ssl_certificate": [],
            "ssl_policy": [
              {
                "cipher_suites": [],
                "disabled_protocols": [],
                "min_protocol_version": "",
                "policy_name": "AppGwSslPolicy20150501",
                "policy_type": "Predefined"
              }
            ],
            "ssl_profile": [],
            "tags": null,
            "timeouts": null,
            "trusted_client_certificate": [],
            "trusted_root_certificate": [],
            "url_path_map": [],
            "waf_configuration": [],
            "zones": null
          },
          "sensitive_attributes": [],
          "private": "eyJlMmJmYjczMC1lY2FhLTExZTYtOGY4OC0zNDM2M2JjN2M0YzAiOnsiY3JlYXRlIjo1NDAwMDAwMDAwMDAwLCJkZWxldGUiOjU0MDAwMDAwMDAwMDAsInJlYWQiOjMwMDAwMDAwMDAwMCwidXBkYXRlIjo1NDAwMDAwMDAwMDAwfX0=",
          "dependencies": [
            "module.appgw.azurerm_public_ip.public_ip",
            "module.network.azurerm_subnet.aks_subnet",
            "module.network.azurerm_subnet.appgw_subnet",
            "module.network.azurerm_virtual_network.vnet",
            "module.rg.azurerm_resource_group.rg"
          ]
        }
      ]
    },
    {
      "module": "module.appgw",
      "mode": "managed",
      "type": "azurerm_public_ip",
      "name": "public_ip",
      "provider": "provider[\"registry.terraform.io/hashicorp/azurerm\"]",
      "instances": [
        {
          "schema_version": 0,
          "attributes": {
            "allocation_method": "Static",
            "ddos_protection_mode": "VirtualNetworkInherited",
            "ddos_protection_plan_id": null,
            "domain_name_label": null,
            "edge_zone": "",
            "fqdn": null,
            "id": "/subscriptions/740159ba-9a7b-4b1b-b55d-d992c0326f49/resourceGroups/demsydevrg/providers/Microsoft.Network/publicIPAddresses/demsydevappgwip",
            "idle_timeout_in_minutes": 4,
            "ip_address": "4.185.110.185",
            "ip_tags": null,
            "ip_version": "IPv4",
            "location": "germanywestcentral",
            "name": "demsydevappgwip",
            "public_ip_prefix_id": null,
            "resource_group_name": "demsydevrg",
            "reverse_fqdn": null,
            "sku": "Standard",
            "sku_tier": "Regional",
            "tags": null,
            "timeouts": null,
            "zones": null
          },
          "sensitive_attributes": [],
          "private": "eyJlMmJmYjczMC1lY2FhLTExZTYtOGY4OC0zNDM2M2JjN2M0YzAiOnsiY3JlYXRlIjoxODAwMDAwMDAwMDAwLCJkZWxldGUiOjE4MDAwMDAwMDAwMDAsInJlYWQiOjMwMDAwMDAwMDAwMCwidXBkYXRlIjoxODAwMDAwMDAwMDAwfX0=",
          "dependencies": [
            "module.network.azurerm_subnet.aks_subnet",
            "module.network.azurerm_subnet.appgw_subnet",
            "module.network.azurerm_virtual_network.vnet",
            "module.rg.azurerm_resource_group.rg"
          ]
        }
      ]
    },
    {
      "module": "module.managed_identity",
      "mode": "data",
      "type": "azurerm_resource_group",
      "name": "MC_demsyprodrg_demsyprodaks_germanywestcentral",
      "provider": "provider[\"registry.terraform.io/hashicorp/azurerm\"]",
      "instances": [
        {
          "schema_version": 0,
          "attributes": {
            "id": "/subscriptions/740159ba-9a7b-4b1b-b55d-d992c0326f49/resourceGroups/MC_demsydevrg_demsydevaks_germanywestcentral",
            "location": "germanywestcentral",
            "managed_by": "/subscriptions/740159ba-9a7b-4b1b-b55d-d992c0326f49/resourcegroups/demsydevrg/providers/Microsoft.ContainerService/managedClusters/demsydevaks",
            "name": "MC_demsydevrg_demsydevaks_germanywestcentral",
            "tags": {
              "aks-managed-cluster-name": "demsydevaks",
              "aks-managed-cluster-rg": "demsydevrg"
            },
            "timeouts": null
          },
          "sensitive_attributes": []
        }
      ]
    },
    {
      "module": "module.managed_identity",
      "mode": "data",
      "type": "azurerm_user_assigned_identity",
      "name": "ma_ingressapplicationgateway",
      "provider": "provider[\"registry.terraform.io/hashicorp/azurerm\"]",
      "instances": [
        {
          "schema_version": 0,
          "attributes": {
            "client_id": "c0e4423b-9c85-48a6-a5bd-7b5d56d838d9",
            "id": "/subscriptions/740159ba-9a7b-4b1b-b55d-d992c0326f49/resourceGroups/MC_demsydevrg_demsydevaks_germanywestcentral/providers/Microsoft.ManagedIdentity/userAssignedIdentities/ingressapplicationgateway-demsydevaks",
            "location": "germanywestcentral",
            "name": "ingressapplicationgateway-demsydevaks",
            "principal_id": "2720d59a-2098-4a23-a84e-fde10c185bb3",
            "resource_group_name": "MC_demsydevrg_demsydevaks_germanywestcentral",
            "tags": {},
            "tenant_id": "5f431148-1e24-4600-af0b-cdaeeffa6045",
            "timeouts": null
          },
          "sensitive_attributes": []
        }
      ]
    },
    {
      "module": "module.managed_identity",
      "mode": "managed",
      "type": "azurerm_role_assignment",
      "name": "ra_ingressapplicationgateway_contributor",
      "provider": "provider[\"registry.terraform.io/hashicorp/azurerm\"]",
      "instances": [
        {
          "schema_version": 0,
          "attributes": {
            "condition": "",
            "condition_version": "",
            "delegated_managed_identity_resource_id": "",
            "description": "",
            "id": "/subscriptions/740159ba-9a7b-4b1b-b55d-d992c0326f49/resourceGroups/demsydevrg/providers/Microsoft.Authorization/roleAssignments/0e3c5355-2fda-44d2-6b85-ae7dbceb3e0f",
            "name": "0e3c5355-2fda-44d2-6b85-ae7dbceb3e0f",
            "principal_id": "2720d59a-2098-4a23-a84e-fde10c185bb3",
            "principal_type": "ServicePrincipal",
            "role_definition_id": "/subscriptions/740159ba-9a7b-4b1b-b55d-d992c0326f49/providers/Microsoft.Authorization/roleDefinitions/b24988ac-6180-42a0-ab88-20f7382dd24c",
            "role_definition_name": "Contributor",
            "scope": "/subscriptions/740159ba-9a7b-4b1b-b55d-d992c0326f49/resourceGroups/demsydevrg",
            "skip_service_principal_aad_check": null,
            "timeouts": null
          },
          "sensitive_attributes": [],
          "private": "eyJlMmJmYjczMC1lY2FhLTExZTYtOGY4OC0zNDM2M2JjN2M0YzAiOnsiY3JlYXRlIjoxODAwMDAwMDAwMDAwLCJkZWxldGUiOjE4MDAwMDAwMDAwMDAsInJlYWQiOjMwMDAwMDAwMDAwMH19",
          "dependencies": [
            "module.aks.azurerm_kubernetes_cluster.aks",
            "module.aks.azurerm_kubernetes_cluster_node_pool.usernodepool",
            "module.aks.azurerm_role_assignment.aks-mi-network-contributor",
            "module.aks.azurerm_user_assigned_identity.aks_identity",
            "module.appgw.azurerm_application_gateway.appgw",
            "module.appgw.azurerm_public_ip.public_ip",
            "module.managed_identity.data.azurerm_resource_group.MC_demsyprodrg_demsyprodaks_germanywestcentral",
            "module.managed_identity.data.azurerm_user_assigned_identity.ma_ingressapplicationgateway",
            "module.network.azurerm_subnet.aks_subnet",
            "module.network.azurerm_subnet.appgw_subnet",
            "module.network.azurerm_virtual_network.vnet",
            "module.rg.azurerm_resource_group.rg"
          ]
        }
      ]
    },
    {
      "module": "module.network",
      "mode": "managed",
      "type": "azurerm_subnet",
      "name": "aks_subnet",
      "provider": "provider[\"registry.terraform.io/hashicorp/azurerm\"]",
      "instances": [
        {
          "schema_version": 0,
          "attributes": {
            "address_prefixes": [
              "10.1.0.0/16"
            ],
            "default_outbound_access_enabled": true,
            "delegation": [],
            "enforce_private_link_endpoint_network_policies": false,
            "enforce_private_link_service_network_policies": false,
            "id": "/subscriptions/740159ba-9a7b-4b1b-b55d-d992c0326f49/resourceGroups/demsydevrg/providers/Microsoft.Network/virtualNetworks/demsydevvnet/subnets/demsyakssubnet",
            "name": "demsyakssubnet",
            "private_endpoint_network_policies": "Enabled",
            "private_endpoint_network_policies_enabled": true,
            "private_link_service_network_policies_enabled": true,
            "resource_group_name": "demsydevrg",
            "service_endpoint_policy_ids": null,
            "service_endpoints": null,
            "timeouts": null,
            "virtual_network_name": "demsydevvnet"
          },
          "sensitive_attributes": [],
          "private": "eyJlMmJmYjczMC1lY2FhLTExZTYtOGY4OC0zNDM2M2JjN2M0YzAiOnsiY3JlYXRlIjoxODAwMDAwMDAwMDAwLCJkZWxldGUiOjE4MDAwMDAwMDAwMDAsInJlYWQiOjMwMDAwMDAwMDAwMCwidXBkYXRlIjoxODAwMDAwMDAwMDAwfX0=",
          "dependencies": [
            "module.network.azurerm_virtual_network.vnet",
            "module.rg.azurerm_resource_group.rg"
          ]
        }
      ]
    },
    {
      "module": "module.network",
      "mode": "managed",
      "type": "azurerm_subnet",
      "name": "appgw_subnet",
      "provider": "provider[\"registry.terraform.io/hashicorp/azurerm\"]",
      "instances": [
        {
          "schema_version": 0,
          "attributes": {
            "address_prefixes": [
              "10.2.0.0/16"
            ],
            "default_outbound_access_enabled": true,
            "delegation": [],
            "enforce_private_link_endpoint_network_policies": false,
            "enforce_private_link_service_network_policies": false,
            "id": "/subscriptions/740159ba-9a7b-4b1b-b55d-d992c0326f49/resourceGroups/demsydevrg/providers/Microsoft.Network/virtualNetworks/demsydevvnet/subnets/demsyappgwsubnet",
            "name": "demsyappgwsubnet",
            "private_endpoint_network_policies": "Enabled",
            "private_endpoint_network_policies_enabled": true,
            "private_link_service_network_policies_enabled": true,
            "resource_group_name": "demsydevrg",
            "service_endpoint_policy_ids": null,
            "service_endpoints": null,
            "timeouts": null,
            "virtual_network_name": "demsydevvnet"
          },
          "sensitive_attributes": [],
          "private": "eyJlMmJmYjczMC1lY2FhLTExZTYtOGY4OC0zNDM2M2JjN2M0YzAiOnsiY3JlYXRlIjoxODAwMDAwMDAwMDAwLCJkZWxldGUiOjE4MDAwMDAwMDAwMDAsInJlYWQiOjMwMDAwMDAwMDAwMCwidXBkYXRlIjoxODAwMDAwMDAwMDAwfX0=",
          "dependencies": [
            "module.network.azurerm_virtual_network.vnet",
            "module.rg.azurerm_resource_group.rg"
          ]
        }
      ]
    },
    {
      "module": "module.network",
      "mode": "managed",
      "type": "azurerm_virtual_network",
      "name": "vnet",
      "provider": "provider[\"registry.terraform.io/hashicorp/azurerm\"]",
      "instances": [
        {
          "schema_version": 0,
          "attributes": {
            "address_space": [
              "10.0.0.0/8"
            ],
            "bgp_community": "",
            "ddos_protection_plan": [],
            "dns_servers": [],
            "edge_zone": "",
            "encryption": [],
            "flow_timeout_in_minutes": 0,
            "guid": "ede8eef6-41cc-471a-b379-3ed153454aac",
            "id": "/subscriptions/740159ba-9a7b-4b1b-b55d-d992c0326f49/resourceGroups/demsydevrg/providers/Microsoft.Network/virtualNetworks/demsydevvnet",
            "location": "germanywestcentral",
            "name": "demsydevvnet",
            "resource_group_name": "demsydevrg",
            "subnet": [],
            "tags": null,
            "timeouts": null
          },
          "sensitive_attributes": [],
          "private": "eyJlMmJmYjczMC1lY2FhLTExZTYtOGY4OC0zNDM2M2JjN2M0YzAiOnsiY3JlYXRlIjoxODAwMDAwMDAwMDAwLCJkZWxldGUiOjE4MDAwMDAwMDAwMDAsInJlYWQiOjMwMDAwMDAwMDAwMCwidXBkYXRlIjoxODAwMDAwMDAwMDAwfX0=",
          "dependencies": [
            "module.rg.azurerm_resource_group.rg"
          ]
        }
      ]
    },
    {
      "module": "module.rg",
      "mode": "managed",
      "type": "azurerm_resource_group",
      "name": "rg",
      "provider": "provider[\"registry.terraform.io/hashicorp/azurerm\"]",
      "instances": [
        {
          "schema_version": 0,
          "attributes": {
            "id": "/subscriptions/740159ba-9a7b-4b1b-b55d-d992c0326f49/resourceGroups/demsydevrg",
            "location": "germanywestcentral",
            "managed_by": "",
            "name": "demsydevrg",
            "tags": null,
            "timeouts": null
          },
          "sensitive_attributes": [],
          "private": "eyJlMmJmYjczMC1lY2FhLTExZTYtOGY4OC0zNDM2M2JjN2M0YzAiOnsiY3JlYXRlIjo1NDAwMDAwMDAwMDAwLCJkZWxldGUiOjU0MDAwMDAwMDAwMDAsInJlYWQiOjMwMDAwMDAwMDAwMCwidXBkYXRlIjo1NDAwMDAwMDAwMDAwfX0="
        }
      ]
    }
  ],
  "check_results": null
}
